{
  "name": "tests",
  "lockfileVersion": 3,
  "requires": true,
  "packages": {
    "": {
      "name": "tests",
      "devDependencies": {
        "memorio": "3.0.0"
      }
    },
    "node_modules/memorio": {
      "version": "3.0.0",
      "resolved": "https://registry.npmjs.org/memorio/-/memorio-3.0.0.tgz",
      "integrity": "sha512-18X+EPQdZRD4rw4YMAESSstVv9883oTlWF70NPPWC9brUbIgYCsJVFFjY6AMydSMO0ULt47ror4/yiDO0RvAsA==",
      "dev": true,
      "funding": [
        {
          "type": "patreon",
          "url": "https://www.patreon.com/passariello"
        }
      ],
      "license": "MIT",
      "engines": {
        "node": ">=18.0.0"
      },
      "peerDependenciesMeta": {
        "react": {
          "optional": true
        },
        "react-dom": {
          "optional": true
        }
      }
    }
  }
}
